
Microsoft Visual Studio Solution File, Format Version 12.00
# Visual Studio Version 17
VisualStudioVersion = 17.1.32228.430
MinimumVisualStudioVersion = 10.0.40219.1
Project("{FAE04EC0-301F-11D3-BF4B-00C04F79EFBC}") = "ShoppingCartApp1", "ShoppingCartApp1\ShoppingCartApp1.csproj", "{B883B1FC-D59D-4268-8870-15039EDEFBB7}"
EndProject
Project("{FAE04EC0-301F-11D3-BF4B-00C04F79EFBC}") = "ShoppingLibrary", "ShoppingLibrary\ShoppingLibrary.csproj", "{5E3DC049-FC3B-4A52-BC08-199FDCE46189}"
EndProject
Global
	GlobalSection(SolutionConfigurationPlatforms) = preSolution
		Debug|Any CPU = Debug|Any CPU
		Release|Any CPU = Release|Any CPU
	EndGlobalSection
	GlobalSection(ProjectConfigurationPlatforms) = postSolution
		{B883B1FC-D59D-4268-8870-15039EDEFBB7}.Debug|Any CPU.ActiveCfg = Debug|Any CPU
		{B883B1FC-D59D-4268-8870-15039EDEFBB7}.Debug|Any CPU.Build.0 = Debug|Any CPU
		{B883B1FC-D59D-4268-8870-15039EDEFBB7}.Release|Any CPU.ActiveCfg = Release|Any CPU
		{B883B1FC-D59D-4268-8870-15039EDEFBB7}.Release|Any CPU.Build.0 = Release|Any CPU
		{5E3DC049-FC3B-4A52-BC08-199FDCE46189}.Debug|Any CPU.ActiveCfg = Debug|Any CPU
		{5E3DC049-FC3B-4A52-BC08-199FDCE46189}.Debug|Any CPU.Build.0 = Debug|Any CPU
		{5E3DC049-FC3B-4A52-BC08-199FDCE46189}.Release|Any CPU.ActiveCfg = Release|Any CPU
		{5E3DC049-FC3B-4A52-BC08-199FDCE46189}.Release|Any CPU.Build.0 = Release|Any CPU
	EndGlobalSection
	GlobalSection(SolutionProperties) = preSolution
		HideSolutionNode = FALSE
	EndGlobalSection
	GlobalSection(ExtensibilityGlobals) = postSolution
		SolutionGuid = {7C5C43C8-04D6-4AA3-B355-6343C333B164}
	EndGlobalSection
EndGlobal
